
Microsoft Visual Studio Solution File, Format Version 12.00
# Visual Studio Version 16
VisualStudioVersion = 16.0.29920.165
MinimumVisualStudioVersion = 10.0.40219.1
Project("{FAE04EC0-301F-11D3-BF4B-00C04F79EFBC}") = "Model", "Model\Model.csproj", "{41B7BA41-F9DE-4C11-92EF-67090E43502E}"
EndProject
Project("{FAE04EC0-301F-11D3-BF4B-00C04F79EFBC}") = "View", "View\View.csproj", "{EC6B66B2-24FF-44AE-A632-91B930611BBC}"
EndProject
Project("{FAE04EC0-301F-11D3-BF4B-00C04F79EFBC}") = "ViewModel", "ViewModel\ViewModel.csproj", "{C32F8496-3692-47AA-B4B6-D8C66C3EE88E}"
EndProject
Project("{FAE04EC0-301F-11D3-BF4B-00C04F79EFBC}") = "Service", "Service\Service.csproj", "{CA4BFDE9-79C0-4618-9C10-D02A817A9E10}"
EndProject
Project("{FAE04EC0-301F-11D3-BF4B-00C04F79EFBC}") = "Repository", "Repository\Repository.csproj", "{A4F11125-A00B-432A-AE55-786AB86B218A}"
EndProject
Global
	GlobalSection(SolutionConfigurationPlatforms) = preSolution
		Debug|Any CPU = Debug|Any CPU
		Release|Any CPU = Release|Any CPU
	EndGlobalSection
	GlobalSection(ProjectConfigurationPlatforms) = postSolution
		{41B7BA41-F9DE-4C11-92EF-67090E43502E}.Debug|Any CPU.ActiveCfg = Debug|Any CPU
		{41B7BA41-F9DE-4C11-92EF-67090E43502E}.Debug|Any CPU.Build.0 = Debug|Any CPU
		{41B7BA41-F9DE-4C11-92EF-67090E43502E}.Release|Any CPU.ActiveCfg = Release|Any CPU
		{41B7BA41-F9DE-4C11-92EF-67090E43502E}.Release|Any CPU.Build.0 = Release|Any CPU
		{EC6B66B2-24FF-44AE-A632-91B930611BBC}.Debug|Any CPU.ActiveCfg = Debug|Any CPU
		{EC6B66B2-24FF-44AE-A632-91B930611BBC}.Debug|Any CPU.Build.0 = Debug|Any CPU
		{EC6B66B2-24FF-44AE-A632-91B930611BBC}.Release|Any CPU.ActiveCfg = Release|Any CPU
		{EC6B66B2-24FF-44AE-A632-91B930611BBC}.Release|Any CPU.Build.0 = Release|Any CPU
		{C32F8496-3692-47AA-B4B6-D8C66C3EE88E}.Debug|Any CPU.ActiveCfg = Debug|Any CPU
		{C32F8496-3692-47AA-B4B6-D8C66C3EE88E}.Debug|Any CPU.Build.0 = Debug|Any CPU
		{C32F8496-3692-47AA-B4B6-D8C66C3EE88E}.Release|Any CPU.ActiveCfg = Release|Any CPU
		{C32F8496-3692-47AA-B4B6-D8C66C3EE88E}.Release|Any CPU.Build.0 = Release|Any CPU
		{CA4BFDE9-79C0-4618-9C10-D02A817A9E10}.Debug|Any CPU.ActiveCfg = Debug|Any CPU
		{CA4BFDE9-79C0-4618-9C10-D02A817A9E10}.Debug|Any CPU.Build.0 = Debug|Any CPU
		{CA4BFDE9-79C0-4618-9C10-D02A817A9E10}.Release|Any CPU.ActiveCfg = Release|Any CPU
		{CA4BFDE9-79C0-4618-9C10-D02A817A9E10}.Release|Any CPU.Build.0 = Release|Any CPU
		{A4F11125-A00B-432A-AE55-786AB86B218A}.Debug|Any CPU.ActiveCfg = Debug|Any CPU
		{A4F11125-A00B-432A-AE55-786AB86B218A}.Debug|Any CPU.Build.0 = Debug|Any CPU
		{A4F11125-A00B-432A-AE55-786AB86B218A}.Release|Any CPU.ActiveCfg = Release|Any CPU
		{A4F11125-A00B-432A-AE55-786AB86B218A}.Release|Any CPU.Build.0 = Release|Any CPU
	EndGlobalSection
	GlobalSection(SolutionProperties) = preSolution
		HideSolutionNode = FALSE
	EndGlobalSection
	GlobalSection(ExtensibilityGlobals) = postSolution
		SolutionGuid = {3592560B-8DF5-4CE1-9EC2-3A7A527BA8FC}
	EndGlobalSection
EndGlobal
